// !$*UTF8*$!
{
	archiveVersion = 1;
	classes = {
	};
	objectVersion = 50;
	objects = {

/* Begin PBXBuildFile section */
		80097D3023CCD93200F73985 /* StoriesSwipeableImageView.swift in Sources */ = {isa = PBXBuildFile; fileRef = 80097D2F23CCD93200F73985 /* StoriesSwipeableImageView.swift */; };
		80097D3223CCDEED00F73985 /* StoriesImageView.swift in Sources */ = {isa = PBXBuildFile; fileRef = 80097D3123CCDEED00F73985 /* StoriesImageView.swift */; };
		80558E8323C197270068E3E3 /* AppDelegate.swift in Sources */ = {isa = PBXBuildFile; fileRef = 80558E8223C197270068E3E3 /* AppDelegate.swift */; };
		80558E8523C197270068E3E3 /* SceneDelegate.swift in Sources */ = {isa = PBXBuildFile; fileRef = 80558E8423C197270068E3E3 /* SceneDelegate.swift */; };
		80558E8723C197270068E3E3 /* ExampleViewController.swift in Sources */ = {isa = PBXBuildFile; fileRef = 80558E8623C197270068E3E3 /* ExampleViewController.swift */; };
		80558E8A23C197270068E3E3 /* Main.storyboard in Resources */ = {isa = PBXBuildFile; fileRef = 80558E8823C197270068E3E3 /* Main.storyboard */; };
		80558E8C23C197280068E3E3 /* Assets.xcassets in Resources */ = {isa = PBXBuildFile; fileRef = 80558E8B23C197280068E3E3 /* Assets.xcassets */; };
		80558E8F23C197280068E3E3 /* LaunchScreen.storyboard in Resources */ = {isa = PBXBuildFile; fileRef = 80558E8D23C197280068E3E3 /* LaunchScreen.storyboard */; };
		808BE4F823CEE21B00273B7C /* CGRectExtensions.swift in Sources */ = {isa = PBXBuildFile; fileRef = 808BE4F723CEE21B00273B7C /* CGRectExtensions.swift */; };
		808BE4FA23CEE2A200273B7C /* StoriesFilter.swift in Sources */ = {isa = PBXBuildFile; fileRef = 808BE4F923CEE2A200273B7C /* StoriesFilter.swift */; };
/* End PBXBuildFile section */

/* Begin PBXFileReference section */
		80097D2F23CCD93200F73985 /* StoriesSwipeableImageView.swift */ = {isa = PBXFileReference; lastKnownFileType = sourcecode.swift; path = StoriesSwipeableImageView.swift; sourceTree = "<group>"; };
		80097D3123CCDEED00F73985 /* StoriesImageView.swift */ = {isa = PBXFileReference; lastKnownFileType = sourcecode.swift; path = StoriesImageView.swift; sourceTree = "<group>"; };
		80558E7F23C197270068E3E3 /* SwipeableFilterImageView.app */ = {isa = PBXFileReference; explicitFileType = wrapper.application; includeInIndex = 0; path = SwipeableFilterImageView.app; sourceTree = BUILT_PRODUCTS_DIR; };
		80558E8223C197270068E3E3 /* AppDelegate.swift */ = {isa = PBXFileReference; lastKnownFileType = sourcecode.swift; path = AppDelegate.swift; sourceTree = "<group>"; };
		80558E8423C197270068E3E3 /* SceneDelegate.swift */ = {isa = PBXFileReference; lastKnownFileType = sourcecode.swift; path = SceneDelegate.swift; sourceTree = "<group>"; };
		80558E8623C197270068E3E3 /* ExampleViewController.swift */ = {isa = PBXFileReference; lastKnownFileType = sourcecode.swift; path = ExampleViewController.swift; sourceTree = "<group>"; };
		80558E8923C197270068E3E3 /* Base */ = {isa = PBXFileReference; lastKnownFileType = file.storyboard; name = Base; path = Base.lproj/Main.storyboard; sourceTree = "<group>"; };
		80558E8B23C197280068E3E3 /* Assets.xcassets */ = {isa = PBXFileReference; lastKnownFileType = folder.assetcatalog; path = Assets.xcassets; sourceTree = "<group>"; };
		80558E8E23C197280068E3E3 /* Base */ = {isa = PBXFileReference; lastKnownFileType = file.storyboard; name = Base; path = Base.lproj/LaunchScreen.storyboard; sourceTree = "<group>"; };
		80558E9023C197280068E3E3 /* Info.plist */ = {isa = PBXFileReference; lastKnownFileType = text.plist.xml; path = Info.plist; sourceTree = "<group>"; };
		808BE4F723CEE21B00273B7C /* CGRectExtensions.swift */ = {isa = PBXFileReference; lastKnownFileType = sourcecode.swift; path = CGRectExtensions.swift; sourceTree = "<group>"; };
		808BE4F923CEE2A200273B7C /* StoriesFilter.swift */ = {isa = PBXFileReference; lastKnownFileType = sourcecode.swift; path = StoriesFilter.swift; sourceTree = "<group>"; };
/* End PBXFileReference section */

/* Begin PBXFrameworksBuildPhase section */
		80558E7C23C197270068E3E3 /* Frameworks */ = {
			isa = PBXFrameworksBuildPhase;
			buildActionMask = 2147483647;
			files = (
			);
			runOnlyForDeploymentPostprocessing = 0;
		};
/* End PBXFrameworksBuildPhase section */

/* Begin PBXGroup section */
		80558E7623C197270068E3E3 = {
			isa = PBXGroup;
			children = (
				80558E8123C197270068E3E3 /* SwipeableFilterImageView */,
				80558E8023C197270068E3E3 /* Products */,
			);
			sourceTree = "<group>";
		};
		80558E8023C197270068E3E3 /* Products */ = {
			isa = PBXGroup;
			children = (
				80558E7F23C197270068E3E3 /* SwipeableFilterImageView.app */,
			);
			name = Products;
			sourceTree = "<group>";
		};
		80558E8123C197270068E3E3 /* SwipeableFilterImageView */ = {
			isa = PBXGroup;
			children = (
				808BE4FB23CEE3A500273B7C /* Source */,
				80558E8223C197270068E3E3 /* AppDelegate.swift */,
				80558E8423C197270068E3E3 /* SceneDelegate.swift */,
				80558E8623C197270068E3E3 /* ExampleViewController.swift */,
				80558E8823C197270068E3E3 /* Main.storyboard */,
				80558E8B23C197280068E3E3 /* Assets.xcassets */,
				80558E8D23C197280068E3E3 /* LaunchScreen.storyboard */,
				80558E9023C197280068E3E3 /* Info.plist */,
			);
			path = SwipeableFilterImageView;
			sourceTree = "<group>";
		};
		808BE4FB23CEE3A500273B7C /* Source */ = {
			isa = PBXGroup;
			children = (
				80097D2F23CCD93200F73985 /* StoriesSwipeableImageView.swift */,
				80097D3123CCDEED00F73985 /* StoriesImageView.swift */,
				808BE4F723CEE21B00273B7C /* CGRectExtensions.swift */,
				808BE4F923CEE2A200273B7C /* StoriesFilter.swift */,
			);
			path = Source;
			sourceTree = "<group>";
		};
/* End PBXGroup section */

/* Begin PBXNativeTarget section */
		80558E7E23C197270068E3E3 /* SwipeableFilterImageView */ = {
			isa = PBXNativeTarget;
			buildConfigurationList = 80558E9323C197280068E3E3 /* Build configuration list for PBXNativeTarget "SwipeableFilterImageView" */;
			buildPhases = (
				80558E7B23C197270068E3E3 /* Sources */,
				80558E7C23C197270068E3E3 /* Frameworks */,
				80558E7D23C197270068E3E3 /* Resources */,
			);
			buildRules = (
			);
			dependencies = (
			);
			name = SwipeableFilterImageView;
			productName = SwipeableFilterImageView;
			productReference = 80558E7F23C197270068E3E3 /* SwipeableFilterImageView.app */;
			productType = "com.apple.product-type.application";
		};
/* End PBXNativeTarget section */

/* Begin PBXProject section */
		80558E7723C197270068E3E3 /* Project object */ = {
			isa = PBXProject;
			attributes = {
				LastSwiftUpdateCheck = 1130;
				LastUpgradeCheck = 1130;
				ORGANIZATIONNAME = "🏄‍♂️";
				TargetAttributes = {
					80558E7E23C197270068E3E3 = {
						CreatedOnToolsVersion = 11.3;
					};
				};
			};
			buildConfigurationList = 80558E7A23C197270068E3E3 /* Build configuration list for PBXProject "SwipeableFilterImageView" */;
			compatibilityVersion = "Xcode 9.3";
			developmentRegion = en;
			hasScannedForEncodings = 0;
			knownRegions = (
				en,
				Base,
			);
			mainGroup = 80558E7623C197270068E3E3;
			productRefGroup = 80558E8023C197270068E3E3 /* Products */;
			projectDirPath = "";
			projectRoot = "";
			targets = (
				80558E7E23C197270068E3E3 /* SwipeableFilterImageView */,
			);
		};
/* End PBXProject section */

/* Begin PBXResourcesBuildPhase section */
		80558E7D23C197270068E3E3 /* Resources */ = {
			isa = PBXResourcesBuildPhase;
			buildActionMask = 2147483647;
			files = (
				80558E8F23C197280068E3E3 /* LaunchScreen.storyboard in Resources */,
				80558E8C23C197280068E3E3 /* Assets.xcassets in Resources */,
				80558E8A23C197270068E3E3 /* Main.storyboard in Resources */,
			);
			runOnlyForDeploymentPostprocessing = 0;
		};
/* End PBXResourcesBuildPhase section */

/* Begin PBXSourcesBuildPhase section */
		80558E7B23C197270068E3E3 /* Sources */ = {
			isa = PBXSourcesBuildPhase;
			buildActionMask = 2147483647;
			files = (
				80097D3223CCDEED00F73985 /* StoriesImageView.swift in Sources */,
				808BE4F823CEE21B00273B7C /* CGRectExtensions.swift in Sources */,
				808BE4FA23CEE2A200273B7C /* StoriesFilter.swift in Sources */,
				80558E8723C197270068E3E3 /* ExampleViewController.swift in Sources */,
				80097D3023CCD93200F73985 /* StoriesSwipeableImageView.swift in Sources */,
				80558E8323C197270068E3E3 /* AppDelegate.swift in Sources */,
				80558E8523C197270068E3E3 /* SceneDelegate.swift in Sources */,
			);
			runOnlyForDeploymentPostprocessing = 0;
		};
/* End PBXSourcesBuildPhase section */

/* Begin PBXVariantGroup section */
		80558E8823C197270068E3E3 /* Main.storyboard */ = {
			isa = PBXVariantGroup;
			children = (
				80558E8923C197270068E3E3 /* Base */,
			);
			name = Main.storyboard;
			sourceTree = "<group>";
		};
		80558E8D23C197280068E3E3 /* LaunchScreen.storyboard */ = {
			isa = PBXVariantGroup;
			children = (
				80558E8E23C197280068E3E3 /* Base */,
			);
			name = LaunchScreen.storyboard;
			sourceTree = "<group>";
		};
/* End PBXVariantGroup section */

/* Begin XCBuildConfiguration section */
		80558E9123C197280068E3E3 /* Debug */ = {
			isa = XCBuildConfiguration;
			buildSettings = {
				ALWAYS_SEARCH_USER_PATHS = NO;
				CLANG_ANALYZER_NONNULL = YES;
				CLANG_ANALYZER_NUMBER_OBJECT_CONVERSION = YES_AGGRESSIVE;
				CLANG_CXX_LANGUAGE_STANDARD = "gnu++14";
				CLANG_CXX_LIBRARY = "libc++";
				CLANG_ENABLE_MODULES = YES;
				CLANG_ENABLE_OBJC_ARC = YES;
				CLANG_ENABLE_OBJC_WEAK = YES;
				CLANG_WARN_BLOCK_CAPTURE_AUTORELEASING = YES;
				CLANG_WARN_BOOL_CONVERSION = YES;
				CLANG_WARN_COMMA = YES;
				CLANG_WARN_CONSTANT_CONVERSION = YES;
				CLANG_WARN_DEPRECATED_OBJC_IMPLEMENTATIONS = YES;
				CLANG_WARN_DIRECT_OBJC_ISA_USAGE = YES_ERROR;
				CLANG_WARN_DOCUMENTATION_COMMENTS = YES;
				CLANG_WARN_EMPTY_BODY = YES;
				CLANG_WARN_ENUM_CONVERSION = YES;
				CLANG_WARN_INFINITE_RECURSION = YES;
				CLANG_WARN_INT_CONVERSION = YES;
				CLANG_WARN_NON_LITERAL_NULL_CONVERSION = YES;
				CLANG_WARN_OBJC_IMPLICIT_RETAIN_SELF = YES;
				CLANG_WARN_OBJC_LITERAL_CONVERSION = YES;
				CLANG_WARN_OBJC_ROOT_CLASS = YES_ERROR;
				CLANG_WARN_RANGE_LOOP_ANALYSIS = YES;
				CLANG_WARN_STRICT_PROTOTYPES = YES;
				CLANG_WARN_SUSPICIOUS_MOVE = YES;
				CLANG_WARN_UNGUARDED_AVAILABILITY = YES_AGGRESSIVE;
				CLANG_WARN_UNREACHABLE_CODE = YES;
				CLANG_WARN__DUPLICATE_METHOD_MATCH = YES;
				COPY_PHASE_STRIP = NO;
				DEBUG_INFORMATION_FORMAT = dwarf;
				ENABLE_STRICT_OBJC_MSGSEND = YES;
				ENABLE_TESTABILITY = YES;
				GCC_C_LANGUAGE_STANDARD = gnu11;
				GCC_DYNAMIC_NO_PIC = NO;
				GCC_NO_COMMON_BLOCKS = YES;
				GCC_OPTIMIZATION_LEVEL = 0;
				GCC_PREPROCESSOR_DEFINITIONS = (
					"DEBUG=1",
					"$(inherited)",
				);
				GCC_WARN_64_TO_32_BIT_CONVERSION = YES;
				GCC_WARN_ABOUT_RETURN_TYPE = YES_ERROR;
				GCC_WARN_UNDECLARED_SELECTOR = YES;
				GCC_WARN_UNINITIALIZED_AUTOS = YES_AGGRESSIVE;
				GCC_WARN_UNUSED_FUNCTION = YES;
				GCC_WARN_UNUSED_VARIABLE = YES;
				IPHONEOS_DEPLOYMENT_TARGET = 13.2;
				MTL_ENABLE_DEBUG_INFO = INCLUDE_SOURCE;
				MTL_FAST_MATH = YES;
				ONLY_ACTIVE_ARCH = YES;
				SDKROOT = iphoneos;
				SWIFT_ACTIVE_COMPILATION_CONDITIONS = DEBUG;
				SWIFT_OPTIMIZATION_LEVEL = "-Onone";
			};
			name = Debug;
		};
		80558E9223C197280068E3E3 /* Release */ = {
			isa = XCBuildConfiguration;
			buildSettings = {
				ALWAYS_SEARCH_USER_PATHS = NO;
				CLANG_ANALYZER_NONNULL = YES;
				CLANG_ANALYZER_NUMBER_OBJECT_CONVERSION = YES_AGGRESSIVE;
				CLANG_CXX_LANGUAGE_STANDARD = "gnu++14";
				CLANG_CXX_LIBRARY = "libc++";
				CLANG_ENABLE_MODULES = YES;
				CLANG_ENABLE_OBJC_ARC = YES;
				CLANG_ENABLE_OBJC_WEAK = YES;
				CLANG_WARN_BLOCK_CAPTURE_AUTORELEASING = YES;
				CLANG_WARN_BOOL_CONVERSION = YES;
				CLANG_WARN_COMMA = YES;
				CLANG_WARN_CONSTANT_CONVERSION = YES;
				CLANG_WARN_DEPRECATED_OBJC_IMPLEMENTATIONS = YES;
				CLANG_WARN_DIRECT_OBJC_ISA_USAGE = YES_ERROR;
				CLANG_WARN_DOCUMENTATION_COMMENTS = YES;
				CLANG_WARN_EMPTY_BODY = YES;
				CLANG_WARN_ENUM_CONVERSION = YES;
				CLANG_WARN_INFINITE_RECURSION = YES;
				CLANG_WARN_INT_CONVERSION = YES;
				CLANG_WARN_NON_LITERAL_NULL_CONVERSION = YES;
				CLANG_WARN_OBJC_IMPLICIT_RETAIN_SELF = YES;
				CLANG_WARN_OBJC_LITERAL_CONVERSION = YES;
				CLANG_WARN_OBJC_ROOT_CLASS = YES_ERROR;
				CLANG_WARN_RANGE_LOOP_ANALYSIS = YES;
				CLANG_WARN_STRICT_PROTOTYPES = YES;
				CLANG_WARN_SUSPICIOUS_MOVE = YES;
				CLANG_WARN_UNGUARDED_AVAILABILITY = YES_AGGRESSIVE;
				CLANG_WARN_UNREACHABLE_CODE = YES;
				CLANG_WARN__DUPLICATE_METHOD_MATCH = YES;
				COPY_PHASE_STRIP = NO;
				DEBUG_INFORMATION_FORMAT = "dwarf-with-dsym";
				ENABLE_NS_ASSERTIONS = NO;
				ENABLE_STRICT_OBJC_MSGSEND = YES;
				GCC_C_LANGUAGE_STANDARD = gnu11;
				GCC_NO_COMMON_BLOCKS = YES;
				GCC_WARN_64_TO_32_BIT_CONVERSION = YES;
				GCC_WARN_ABOUT_RETURN_TYPE = YES_ERROR;
				GCC_WARN_UNDECLARED_SELECTOR = YES;
				GCC_WARN_UNINITIALIZED_AUTOS = YES_AGGRESSIVE;
				GCC_WARN_UNUSED_FUNCTION = YES;
				GCC_WARN_UNUSED_VARIABLE = YES;
				IPHONEOS_DEPLOYMENT_TARGET = 13.2;
				MTL_ENABLE_DEBUG_INFO = NO;
				MTL_FAST_MATH = YES;
				SDKROOT = iphoneos;
				SWIFT_COMPILATION_MODE = wholemodule;
				SWIFT_OPTIMIZATION_LEVEL = "-O";
				VALIDATE_PRODUCT = YES;
			};
			name = Release;
		};
		80558E9423C197280068E3E3 /* Debug */ = {
			isa = XCBuildConfiguration;
			buildSettings = {
				ASSETCATALOG_COMPILER_APPICON_NAME = AppIcon;
				CODE_SIGN_STYLE = Automatic;
				DEVELOPMENT_TEAM = "";
				INFOPLIST_FILE = SwipeableFilterImageView/Info.plist;
				LD_RUNPATH_SEARCH_PATHS = (
					"$(inherited)",
					"@executable_path/Frameworks",
				);
				PRODUCT_BUNDLE_IDENTIFIER = com.emilbogren.SwipeableFilterImageView;
				PRODUCT_NAME = "$(TARGET_NAME)";
				SWIFT_VERSION = 5.0;
				TARGETED_DEVICE_FAMILY = "1,2";
			};
			name = Debug;
		};
		80558E9523C197280068E3E3 /* Release */ = {
			isa = XCBuildConfiguration;
			buildSettings = {
				ASSETCATALOG_COMPILER_APPICON_NAME = AppIcon;
				CODE_SIGN_STYLE = Automatic;
				DEVELOPMENT_TEAM = "";
				INFOPLIST_FILE = SwipeableFilterImageView/Info.plist;
				LD_RUNPATH_SEARCH_PATHS = (
					"$(inherited)",
					"@executable_path/Frameworks",
				);
				PRODUCT_BUNDLE_IDENTIFIER = com.emilbogren.SwipeableFilterImageView;
				PRODUCT_NAME = "$(TARGET_NAME)";
				SWIFT_VERSION = 5.0;
				TARGETED_DEVICE_FAMILY = "1,2";
			};
			name = Release;
		};
/* End XCBuildConfiguration section */

/* Begin XCConfigurationList section */
		80558E7A23C197270068E3E3 /* Build configuration list for PBXProject "SwipeableFilterImageView" */ = {
			isa = XCConfigurationList;
			buildConfigurations = (
				80558E9123C197280068E3E3 /* Debug */,
				80558E9223C197280068E3E3 /* Release */,
			);
			defaultConfigurationIsVisible = 0;
			defaultConfigurationName = Release;
		};
		80558E9323C197280068E3E3 /* Build configuration list for PBXNativeTarget "SwipeableFilterImageView" */ = {
			isa = XCConfigurationList;
			buildConfigurations = (
				80558E9423C197280068E3E3 /* Debug */,
				80558E9523C197280068E3E3 /* Release */,
			);
			defaultConfigurationIsVisible = 0;
			defaultConfigurationName = Release;
		};
/* End XCConfigurationList section */
	};
	rootObject = 80558E7723C197270068E3E3 /* Project object */;
}
